
Microsoft Visual Studio Solution File, Format Version 12.00
# Visual Studio Version 16
VisualStudioVersion = 16.0.32413.511
MinimumVisualStudioVersion = 10.0.40219.1
Project("{FAE04EC0-301F-11D3-BF4B-00C04F79EFBC}") = "Copy List with Random Pointer", "Copy List with Random Pointer\Copy List with Random Pointer.csproj", "{9A771774-1FB0-422D-B5A3-909250E18CA5}"
EndProject
Global
	GlobalSection(SolutionConfigurationPlatforms) = preSolution
		Debug|Any CPU = Debug|Any CPU
		Release|Any CPU = Release|Any CPU
	EndGlobalSection
	GlobalSection(ProjectConfigurationPlatforms) = postSolution
		{9A771774-1FB0-422D-B5A3-909250E18CA5}.Debug|Any CPU.ActiveCfg = Debug|Any CPU
		{9A771774-1FB0-422D-B5A3-909250E18CA5}.Debug|Any CPU.Build.0 = Debug|Any CPU
		{9A771774-1FB0-422D-B5A3-909250E18CA5}.Release|Any CPU.ActiveCfg = Release|Any CPU
		{9A771774-1FB0-422D-B5A3-909250E18CA5}.Release|Any CPU.Build.0 = Release|Any CPU
	EndGlobalSection
	GlobalSection(SolutionProperties) = preSolution
		HideSolutionNode = FALSE
	EndGlobalSection
	GlobalSection(ExtensibilityGlobals) = postSolution
		SolutionGuid = {4579009B-8E45-4526-BDA9-CB8C68E48244}
	EndGlobalSection
EndGlobal
